
Microsoft Visual Studio Solution File, Format Version 12.00
# Visual Studio Version 17
VisualStudioVersion = 17.5.33530.505
MinimumVisualStudioVersion = 10.0.40219.1
Project("{9A19103F-16F7-4668-BE54-9A1E7A4F7556}") = "TopGames Voter", "TopGames Voter\TopGames Voter.csproj", "{8F9E835D-7393-4D8D-BE45-A56C9BC57193}"
EndProject
Global
	GlobalSection(SolutionConfigurationPlatforms) = preSolution
		Debug|Any CPU = Debug|Any CPU
		Release|Any CPU = Release|Any CPU
	EndGlobalSection
	GlobalSection(ProjectConfigurationPlatforms) = postSolution
		{8F9E835D-7393-4D8D-BE45-A56C9BC57193}.Debug|Any CPU.ActiveCfg = Debug|Any CPU
		{8F9E835D-7393-4D8D-BE45-A56C9BC57193}.Debug|Any CPU.Build.0 = Debug|Any CPU
		{8F9E835D-7393-4D8D-BE45-A56C9BC57193}.Release|Any CPU.ActiveCfg = Release|Any CPU
		{8F9E835D-7393-4D8D-BE45-A56C9BC57193}.Release|Any CPU.Build.0 = Release|Any CPU
	EndGlobalSection
	GlobalSection(SolutionProperties) = preSolution
		HideSolutionNode = FALSE
	EndGlobalSection
	GlobalSection(ExtensibilityGlobals) = postSolution
		SolutionGuid = {E3C31DCD-A2F1-48EF-9591-E1C8217D56B3}
	EndGlobalSection
EndGlobal
